<?xml version="1.0" encoding="utf-8"?>
<Project ToolsVersion="4.0" xmlns="http://schemas.microsoft.com/developer/msbuild/2003">
  <ItemGroup>
    <Filter Include="Resource Files">
      <UniqueIdentifier>{67DA6AB6-F800-4c08-8B7A-83BB121AAD01}</UniqueIdentifier>
      <Extensions>rc;ico;cur;bmp;dlg;rc2;rct;bin;rgs;gif;jpg;jpeg;jpe;resx;tiff;tif;png;wav;mfcribbon-ms</Extensions>
    </Filter>
    <Filter Include="Editor">
      <UniqueIdentifier>{af3cfb94-de14-45f6-a087-43f4fb11d67e}</UniqueIdentifier>
    </Filter>
    <Filter Include="Engine">
      <UniqueIdentifier>{8b055c36-eb6d-44cc-bb33-785dfbb4d99d}</UniqueIdentifier>
    </Filter>
    <Filter Include="Engine\Renderer">
      <UniqueIdentifier>{b71b3ebd-34ee-4b84-a837-11a0b6a5b1cb}</UniqueIdentifier>
    </Filter>
    <Filter Include="MainApp">
      <UniqueIdentifier>{82203f90-07eb-4df2-868c-5ce6bf6a9563}</UniqueIdentifier>
    </Filter>
    <Filter Include="Utils">
      <UniqueIdentifier>{1862011a-5ae5-479e-94e5-a16ba29f5d81}</UniqueIdentifier>
    </Filter>
    <Filter Include="UXUI">
      <UniqueIdentifier>{ebfda1e6-8db4-4c2f-beab-6438c09377c3}</UniqueIdentifier>
    </Filter>
    <Filter Include="Editor\Brushes">
      <UniqueIdentifier>{c9fa5862-f401-48fc-91bf-f932c67cb3be}</UniqueIdentifier>
    </Filter>
    <Filter Include="Editor\PopUps">
      <UniqueIdentifier>{f72e23bb-0c4d-4f22-b156-93d89373accc}</UniqueIdentifier>
    </Filter>
    <Filter Include="External">
      <UniqueIdentifier>{6bdbaeec-fe64-4f85-b265-72bce17bdf68}</UniqueIdentifier>
    </Filter>
    <Filter Include="External\IMGUI">
      <UniqueIdentifier>{420ccdf4-6db6-4840-99ca-d6df395f6ca3}</UniqueIdentifier>
    </Filter>
    <Filter Include="External\STB_libs">
      <UniqueIdentifier>{3015c3cf-a56f-44bc-98a1-ad9856a17f6f}</UniqueIdentifier>
    </Filter>
    <Filter Include="Editor\SaveLoad">
      <UniqueIdentifier>{337ab26e-fd52-42a9-8e12-3cceef1d70a2}</UniqueIdentifier>
    </Filter>
  </ItemGroup>
  <ItemGroup>
    <ClCompile Include="Editor\Editor.cpp">
      <Filter>Editor</Filter>
    </ClCompile>
    <ClCompile Include="Engine\Renderer\Renderer.cpp">
      <Filter>Engine\Renderer</Filter>
    </ClCompile>
    <ClCompile Include="MainApp\main.cpp">
      <Filter>MainApp</Filter>
    </ClCompile>
    <ClCompile Include="Utils\IM_Math.cpp">
      <Filter>Utils</Filter>
    </ClCompile>
    <ClCompile Include="UXUI\Window.cpp">
      <Filter>UXUI</Filter>
    </ClCompile>
    <ClCompile Include="Engine\Renderer\RenderTarget.cpp">
      <Filter>Engine\Renderer</Filter>
    </ClCompile>
    <ClCompile Include="Engine\Renderer\Swapchain.cpp">
      <Filter>Engine\Renderer</Filter>
    </ClCompile>
    <ClCompile Include="Engine\Renderer\Texture.cpp">
      <Filter>Engine\Renderer</Filter>
    </ClCompile>
    <ClCompile Include="Utils\IM_STD.cpp">
      <Filter>Utils</Filter>
    </ClCompile>
    <ClCompile Include="Engine\Renderer\ComputeShader.cpp">
      <Filter>Engine\Renderer</Filter>
    </ClCompile>
    <ClCompile Include="Engine\Renderer\Buffer.cpp">
      <Filter>Engine\Renderer</Filter>
    </ClCompile>
    <ClCompile Include="Engine\Renderer\Shader.cpp">
      <Filter>Engine\Renderer</Filter>
    </ClCompile>
    <ClCompile Include="Engine\Renderer\Mesh.cpp">
      <Filter>Engine\Renderer</Filter>
    </ClCompile>
    <ClCompile Include="Engine\Renderer\Camera.cpp">
      <Filter>Engine\Renderer</Filter>
    </ClCompile>
    <ClCompile Include="Editor\MainWindowUI.cpp">
      <Filter>Editor</Filter>
    </ClCompile>
    <ClCompile Include="Editor\ImageProject.cpp">
      <Filter>Editor</Filter>
    </ClCompile>
    <ClCompile Include="Editor\Layer.cpp">
      <Filter>Editor</Filter>
    </ClCompile>
    <ClCompile Include="Engine\Renderer\RenderUtils.cpp">
      <Filter>Engine\Renderer</Filter>
    </ClCompile>
    <ClCompile Include="Engine\Renderer\SamplerState.cpp">
      <Filter>Engine\Renderer</Filter>
    </ClCompile>
    <ClCompile Include="Engine\Renderer\ConstantBuffer.cpp">
      <Filter>Engine\Renderer</Filter>
    </ClCompile>
    <ClCompile Include="Editor\Brushes\BrushManager.cpp">
      <Filter>Editor\Brushes</Filter>
    </ClCompile>
    <ClCompile Include="Editor\PopUps\PopUp.cpp">
      <Filter>Editor\PopUps</Filter>
    </ClCompile>
    <ClCompile Include="Editor\PopUps\NewProject.cpp">
      <Filter>Editor\PopUps</Filter>
    </ClCompile>
    <ClCompile Include="External\IMGUI\imgui_impl_dx11.cpp">
      <Filter>External\IMGUI</Filter>
    </ClCompile>
    <ClCompile Include="External\IMGUI\imgui_impl_win32.cpp">
      <Filter>External\IMGUI</Filter>
    </ClCompile>
    <ClCompile Include="External\IMGUI\imgui_tables.cpp">
      <Filter>External\IMGUI</Filter>
    </ClCompile>
    <ClCompile Include="External\IMGUI\imgui_widgets.cpp">
      <Filter>External\IMGUI</Filter>
    </ClCompile>
    <ClCompile Include="External\IMGUI\imgui.cpp">
      <Filter>External\IMGUI</Filter>
    </ClCompile>
    <ClCompile Include="External\IMGUI\imgui_draw.cpp">
      <Filter>External\IMGUI</Filter>
    </ClCompile>
    <ClCompile Include="Editor\SaveLoad\SaveLoad.cpp">
      <Filter>Editor\SaveLoad</Filter>
    </ClCompile>
    <ClCompile Include="Editor\PopUps\SaveLayer.cpp">
      <Filter>Editor\PopUps</Filter>
    </ClCompile>
    <ClCompile Include="Engine\Renderer\Texture2D.cpp">
      <Filter>Engine\Renderer</Filter>
    </ClCompile>
  </ItemGroup>
  <ItemGroup>
    <ClInclude Include="Editor\Editor.h">
      <Filter>Editor</Filter>
    </ClInclude>
    <ClInclude Include="Engine\Renderer\Renderer.h">
      <Filter>Engine\Renderer</Filter>
    </ClInclude>
    <ClInclude Include="MainApp\Default_Headers.h">
      <Filter>MainApp</Filter>
    </ClInclude>
    <ClInclude Include="Utils\IM_Math.h">
      <Filter>Utils</Filter>
    </ClInclude>
    <ClInclude Include="UXUI\Window.h">
      <Filter>UXUI</Filter>
    </ClInclude>
    <ClInclude Include="Engine\Renderer\RenderTarget.h">
      <Filter>Engine\Renderer</Filter>
    </ClInclude>
    <ClInclude Include="Engine\Renderer\SwapChain.h">
      <Filter>Engine\Renderer</Filter>
    </ClInclude>
    <ClInclude Include="Engine\Renderer\Texture.h">
      <Filter>Engine\Renderer</Filter>
    </ClInclude>
    <ClInclude Include="Utils\IM_STD.h">
      <Filter>Utils</Filter>
    </ClInclude>
    <ClInclude Include="Engine\Renderer\ComputeShader.h">
      <Filter>Engine\Renderer</Filter>
    </ClInclude>
    <ClInclude Include="Engine\Renderer\Buffer.h">
      <Filter>Engine\Renderer</Filter>
    </ClInclude>
    <ClInclude Include="Engine\Renderer\Shader.h">
      <Filter>Engine\Renderer</Filter>
    </ClInclude>
    <ClInclude Include="Engine\Renderer\ShaderIncludes.h">
      <Filter>Engine\Renderer</Filter>
    </ClInclude>
    <ClInclude Include="Engine\Renderer\RenderTypes.h">
      <Filter>Engine\Renderer</Filter>
    </ClInclude>
    <ClInclude Include="Engine\Renderer\Mesh.h">
      <Filter>Engine\Renderer</Filter>
    </ClInclude>
    <ClInclude Include="Engine\Renderer\Camera.h">
      <Filter>Engine\Renderer</Filter>
    </ClInclude>
    <ClInclude Include="Editor\MainWindowUI.h">
      <Filter>Editor</Filter>
    </ClInclude>
    <ClInclude Include="Editor\ImageProject.h">
      <Filter>Editor</Filter>
    </ClInclude>
    <ClInclude Include="Engine\Renderer\CameraData.h">
      <Filter>Engine\Renderer</Filter>
    </ClInclude>
    <ClInclude Include="Editor\Layer.h">
      <Filter>Editor</Filter>
    </ClInclude>
    <ClInclude Include="Engine\Renderer\RenderUtils.h">
      <Filter>Engine\Renderer</Filter>
    </ClInclude>
    <ClInclude Include="Engine\Renderer\ShaderIncludeFramework.h">
      <Filter>Engine\Renderer</Filter>
    </ClInclude>
    <ClInclude Include="Engine\Renderer\SamplerState.h">
      <Filter>Engine\Renderer</Filter>
    </ClInclude>
    <ClInclude Include="Engine\Renderer\ConstantBuffer.h">
      <Filter>Engine\Renderer</Filter>
    </ClInclude>
    <ClInclude Include="Editor\Brushes\BrushManager.h">
      <Filter>Editor\Brushes</Filter>
    </ClInclude>
    <ClInclude Include="Editor\PopUps\PopUp.h">
      <Filter>Editor\PopUps</Filter>
    </ClInclude>
    <ClInclude Include="Editor\PopUps\NewProject.h">
      <Filter>Editor\PopUps</Filter>
    </ClInclude>
    <ClInclude Include="External\STB_libs\stb_image.h">
      <Filter>External\STB_libs</Filter>
    </ClInclude>
    <ClInclude Include="External\STB_libs\stb_image_write.h">
      <Filter>External\STB_libs</Filter>
    </ClInclude>
    <ClInclude Include="External\IMGUI\imgui_impl_dx11.h">
      <Filter>External\IMGUI</Filter>
    </ClInclude>
    <ClInclude Include="External\IMGUI\imgui_impl_win32.h">
      <Filter>External\IMGUI</Filter>
    </ClInclude>
    <ClInclude Include="External\IMGUI\imgui_internal.h">
      <Filter>External\IMGUI</Filter>
    </ClInclude>
    <ClInclude Include="External\IMGUI\imstb_rectpack.h">
      <Filter>External\IMGUI</Filter>
    </ClInclude>
    <ClInclude Include="External\IMGUI\imstb_textedit.h">
      <Filter>External\IMGUI</Filter>
    </ClInclude>
    <ClInclude Include="External\IMGUI\imstb_truetype.h">
      <Filter>External\IMGUI</Filter>
    </ClInclude>
    <ClInclude Include="External\IMGUI\imconfig.h">
      <Filter>External\IMGUI</Filter>
    </ClInclude>
    <ClInclude Include="External\IMGUI\imgui.h">
      <Filter>External\IMGUI</Filter>
    </ClInclude>
    <ClInclude Include="Editor\SaveLoad\SaveLoad.h">
      <Filter>Editor\SaveLoad</Filter>
    </ClInclude>
    <ClInclude Include="Editor\PopUps\SaveLayer.h">
      <Filter>Editor\PopUps</Filter>
    </ClInclude>
    <ClInclude Include="Engine\Renderer\Texture2D.h">
      <Filter>Engine\Renderer</Filter>
    </ClInclude>
  </ItemGroup>
</Project>